
Microsoft Visual Studio Solution File, Format Version 12.00
# Visual Studio Version 17
VisualStudioVersion = 17.3.32811.315
MinimumVisualStudioVersion = 10.0.40219.1
Project("{FAE04EC0-301F-11D3-BF4B-00C04F79EFBC}") = "EduHome", "EduHome\EduHome.csproj", "{CE97B4FF-736D-4941-846A-93CBD6AFC5BD}"
EndProject
Global
	GlobalSection(SolutionConfigurationPlatforms) = preSolution
		Debug|Any CPU = Debug|Any CPU
		Release|Any CPU = Release|Any CPU
	EndGlobalSection
	GlobalSection(ProjectConfigurationPlatforms) = postSolution
		{CE97B4FF-736D-4941-846A-93CBD6AFC5BD}.Debug|Any CPU.ActiveCfg = Debug|Any CPU
		{CE97B4FF-736D-4941-846A-93CBD6AFC5BD}.Debug|Any CPU.Build.0 = Debug|Any CPU
		{CE97B4FF-736D-4941-846A-93CBD6AFC5BD}.Release|Any CPU.ActiveCfg = Release|Any CPU
		{CE97B4FF-736D-4941-846A-93CBD6AFC5BD}.Release|Any CPU.Build.0 = Release|Any CPU
	EndGlobalSection
	GlobalSection(SolutionProperties) = preSolution
		HideSolutionNode = FALSE
	EndGlobalSection
	GlobalSection(ExtensibilityGlobals) = postSolution
		SolutionGuid = {F9579126-FA13-41DF-B7CF-547DBE0BDC23}
	EndGlobalSection
EndGlobal
